
Microsoft Visual Studio Solution File, Format Version 12.00
# Visual Studio Version 17
VisualStudioVersion = 17.14.36511.14 d17.14
MinimumVisualStudioVersion = 10.0.40219.1
Project("{FAE04EC0-301F-11D3-BF4B-00C04F79EFBC}") = "IT_SegmentApi", "IT_SegmentApi\IT_SegmentApi.csproj", "{94994647-A4A9-4A92-B09A-ABCF9017FE43}"
EndProject
Project("{FAE04EC0-301F-11D3-BF4B-00C04F79EFBC}") = "IT_segmentClient", "IT_segmentClient\IT_segmentClient.csproj", "{1F89F793-5CC2-4FA1-B0F5-1976506B0DDB}"
EndProject
Project("{FAE04EC0-301F-11D3-BF4B-00C04F79EFBC}") = "Link_Segment", "Link_Segment\Link_Segment.csproj", "{75A67E0D-3692-4931-8C6A-6E0C88613CF9}"
EndProject
Project("{FAE04EC0-301F-11D3-BF4B-00C04F79EFBC}") = "OT_Segment", "OT_Segment\OT_Segment.csproj", "{520EC73B-6140-4061-BD05-50A6B5EA2562}"
EndProject
Global
	GlobalSection(SolutionConfigurationPlatforms) = preSolution
		Debug|Any CPU = Debug|Any CPU
		Release|Any CPU = Release|Any CPU
	EndGlobalSection
	GlobalSection(ProjectConfigurationPlatforms) = postSolution
		{94994647-A4A9-4A92-B09A-ABCF9017FE43}.Debug|Any CPU.ActiveCfg = Debug|Any CPU
		{94994647-A4A9-4A92-B09A-ABCF9017FE43}.Debug|Any CPU.Build.0 = Debug|Any CPU
		{94994647-A4A9-4A92-B09A-ABCF9017FE43}.Release|Any CPU.ActiveCfg = Release|Any CPU
		{94994647-A4A9-4A92-B09A-ABCF9017FE43}.Release|Any CPU.Build.0 = Release|Any CPU
		{1F89F793-5CC2-4FA1-B0F5-1976506B0DDB}.Debug|Any CPU.ActiveCfg = Debug|Any CPU
		{1F89F793-5CC2-4FA1-B0F5-1976506B0DDB}.Debug|Any CPU.Build.0 = Debug|Any CPU
		{1F89F793-5CC2-4FA1-B0F5-1976506B0DDB}.Release|Any CPU.ActiveCfg = Release|Any CPU
		{1F89F793-5CC2-4FA1-B0F5-1976506B0DDB}.Release|Any CPU.Build.0 = Release|Any CPU
		{75A67E0D-3692-4931-8C6A-6E0C88613CF9}.Debug|Any CPU.ActiveCfg = Debug|Any CPU
		{75A67E0D-3692-4931-8C6A-6E0C88613CF9}.Debug|Any CPU.Build.0 = Debug|Any CPU
		{75A67E0D-3692-4931-8C6A-6E0C88613CF9}.Release|Any CPU.ActiveCfg = Release|Any CPU
		{75A67E0D-3692-4931-8C6A-6E0C88613CF9}.Release|Any CPU.Build.0 = Release|Any CPU
		{520EC73B-6140-4061-BD05-50A6B5EA2562}.Debug|Any CPU.ActiveCfg = Debug|Any CPU
		{520EC73B-6140-4061-BD05-50A6B5EA2562}.Debug|Any CPU.Build.0 = Debug|Any CPU
		{520EC73B-6140-4061-BD05-50A6B5EA2562}.Release|Any CPU.ActiveCfg = Release|Any CPU
		{520EC73B-6140-4061-BD05-50A6B5EA2562}.Release|Any CPU.Build.0 = Release|Any CPU
	EndGlobalSection
	GlobalSection(SolutionProperties) = preSolution
		HideSolutionNode = FALSE
	EndGlobalSection
	GlobalSection(ExtensibilityGlobals) = postSolution
		SolutionGuid = {BE35A3AA-2DD0-460C-B75A-43AA2DB2829B}
	EndGlobalSection
EndGlobal
